
Microsoft Visual Studio Solution File, Format Version 12.00
# Visual Studio Version 17
VisualStudioVersion = 17.14.36301.6
MinimumVisualStudioVersion = 10.0.40219.1
Project("{FAE04EC0-301F-11D3-BF4B-00C04F79EFBC}") = "Tron4Biz", "Tron4Biz\Tron4Biz.csproj", "{C5DC0F60-7D45-F671-3C09-F7CAEF83271F}"
EndProject
Project("{FAE04EC0-301F-11D3-BF4B-00C04F79EFBC}") = "Tron4Biz.Tests", "Tron4Biz.Tests\Tron4Biz.Tests.csproj", "{22F76EA8-9EE0-80C7-196B-40FDF6FC3307}"
EndProject
Global
	GlobalSection(SolutionConfigurationPlatforms) = preSolution
		Debug|Any CPU = Debug|Any CPU
		Release|Any CPU = Release|Any CPU
	EndGlobalSection
	GlobalSection(ProjectConfigurationPlatforms) = postSolution
		{C5DC0F60-7D45-F671-3C09-F7CAEF83271F}.Debug|Any CPU.ActiveCfg = Debug|Any CPU
		{C5DC0F60-7D45-F671-3C09-F7CAEF83271F}.Debug|Any CPU.Build.0 = Debug|Any CPU
		{C5DC0F60-7D45-F671-3C09-F7CAEF83271F}.Release|Any CPU.ActiveCfg = Release|Any CPU
		{C5DC0F60-7D45-F671-3C09-F7CAEF83271F}.Release|Any CPU.Build.0 = Release|Any CPU
		{22F76EA8-9EE0-80C7-196B-40FDF6FC3307}.Debug|Any CPU.ActiveCfg = Debug|Any CPU
		{22F76EA8-9EE0-80C7-196B-40FDF6FC3307}.Debug|Any CPU.Build.0 = Debug|Any CPU
		{22F76EA8-9EE0-80C7-196B-40FDF6FC3307}.Release|Any CPU.ActiveCfg = Release|Any CPU
		{22F76EA8-9EE0-80C7-196B-40FDF6FC3307}.Release|Any CPU.Build.0 = Release|Any CPU
	EndGlobalSection
	GlobalSection(SolutionProperties) = preSolution
		HideSolutionNode = FALSE
	EndGlobalSection
	GlobalSection(ExtensibilityGlobals) = postSolution
		SolutionGuid = {1779D8BB-FBC2-4609-9E8E-560E1030A0DB}
	EndGlobalSection
EndGlobal
